
Microsoft Visual Studio Solution File, Format Version 12.00
# Visual Studio Version 17
VisualStudioVersion = 17.14.36511.14
MinimumVisualStudioVersion = 10.0.40219.1
Project("{FAE04EC0-301F-11D3-BF4B-00C04F79EFBC}") = "Ders01_Introduction", "Ders01\Ders01_Introduction.csproj", "{4045CD92-4593-4C17-8ED8-C95DA9ED31FF}"
EndProject
Project("{FAE04EC0-301F-11D3-BF4B-00C04F79EFBC}") = "Ders02_Variables", "Ders02_Variables\Ders02_Variables.csproj", "{9E9C425D-4C71-4A6A-B4C8-3A1936A03637}"
EndProject
Project("{FAE04EC0-301F-11D3-BF4B-00C04F79EFBC}") = "Der03_DecisionStructures", "Der03_DecisionStructures\Der03_DecisionStructures.csproj", "{7419C14D-9779-4F20-8BAC-2913DD485530}"
EndProject
Project("{FAE04EC0-301F-11D3-BF4B-00C04F79EFBC}") = "Ders04_Loops", "Ders04_Loops\Ders04_Loops.csproj", "{008DBEEA-81BE-4119-AF4E-BDFD63559E80}"
EndProject
Project("{FAE04EC0-301F-11D3-BF4B-00C04F79EFBC}") = "Ders05_LoopExercises", "Ders05_LoopExercises\Ders05_LoopExercises.csproj", "{2811F6EF-98A2-41F3-BEE6-D9FA47F628C0}"
EndProject
Project("{FAE04EC0-301F-11D3-BF4B-00C04F79EFBC}") = "Ders06_Arrays", "Ders06_Arrays\Ders06_Arrays.csproj", "{7B712633-A64C-4E0E-9FEA-3DF1E03BDC4D}"
EndProject
Project("{FAE04EC0-301F-11D3-BF4B-00C04F79EFBC}") = "Ders07_ForeachLoops", "Ders07_ForeachLoops\Ders07_ForeachLoops.csproj", "{D94220AD-1871-4F23-A160-E8CA086D0E7F}"
EndProject
Project("{FAE04EC0-301F-11D3-BF4B-00C04F79EFBC}") = "Ders08_Methods", "Ders08_Methods\Ders08_Methods.csproj", "{E7EA9C19-CADF-4335-A0E3-21DB1AF0EC9F}"
EndProject
Project("{FAE04EC0-301F-11D3-BF4B-00C04F79EFBC}") = "Ders09_DatabaseProject", "Ders09_DatabaseProject\Ders09_DatabaseProject.csproj", "{1A7E55F0-3122-455D-8B1F-FABB98FB6161}"
EndProject
Global
	GlobalSection(SolutionConfigurationPlatforms) = preSolution
		Debug|Any CPU = Debug|Any CPU
		Release|Any CPU = Release|Any CPU
	EndGlobalSection
	GlobalSection(ProjectConfigurationPlatforms) = postSolution
		{4045CD92-4593-4C17-8ED8-C95DA9ED31FF}.Debug|Any CPU.ActiveCfg = Debug|Any CPU
		{4045CD92-4593-4C17-8ED8-C95DA9ED31FF}.Debug|Any CPU.Build.0 = Debug|Any CPU
		{4045CD92-4593-4C17-8ED8-C95DA9ED31FF}.Release|Any CPU.ActiveCfg = Release|Any CPU
		{4045CD92-4593-4C17-8ED8-C95DA9ED31FF}.Release|Any CPU.Build.0 = Release|Any CPU
		{9E9C425D-4C71-4A6A-B4C8-3A1936A03637}.Debug|Any CPU.ActiveCfg = Debug|Any CPU
		{9E9C425D-4C71-4A6A-B4C8-3A1936A03637}.Debug|Any CPU.Build.0 = Debug|Any CPU
		{9E9C425D-4C71-4A6A-B4C8-3A1936A03637}.Release|Any CPU.ActiveCfg = Release|Any CPU
		{9E9C425D-4C71-4A6A-B4C8-3A1936A03637}.Release|Any CPU.Build.0 = Release|Any CPU
		{7419C14D-9779-4F20-8BAC-2913DD485530}.Debug|Any CPU.ActiveCfg = Debug|Any CPU
		{7419C14D-9779-4F20-8BAC-2913DD485530}.Debug|Any CPU.Build.0 = Debug|Any CPU
		{7419C14D-9779-4F20-8BAC-2913DD485530}.Release|Any CPU.ActiveCfg = Release|Any CPU
		{7419C14D-9779-4F20-8BAC-2913DD485530}.Release|Any CPU.Build.0 = Release|Any CPU
		{008DBEEA-81BE-4119-AF4E-BDFD63559E80}.Debug|Any CPU.ActiveCfg = Debug|Any CPU
		{008DBEEA-81BE-4119-AF4E-BDFD63559E80}.Debug|Any CPU.Build.0 = Debug|Any CPU
		{008DBEEA-81BE-4119-AF4E-BDFD63559E80}.Release|Any CPU.ActiveCfg = Release|Any CPU
		{008DBEEA-81BE-4119-AF4E-BDFD63559E80}.Release|Any CPU.Build.0 = Release|Any CPU
		{2811F6EF-98A2-41F3-BEE6-D9FA47F628C0}.Debug|Any CPU.ActiveCfg = Debug|Any CPU
		{2811F6EF-98A2-41F3-BEE6-D9FA47F628C0}.Debug|Any CPU.Build.0 = Debug|Any CPU
		{2811F6EF-98A2-41F3-BEE6-D9FA47F628C0}.Release|Any CPU.ActiveCfg = Release|Any CPU
		{2811F6EF-98A2-41F3-BEE6-D9FA47F628C0}.Release|Any CPU.Build.0 = Release|Any CPU
		{7B712633-A64C-4E0E-9FEA-3DF1E03BDC4D}.Debug|Any CPU.ActiveCfg = Debug|Any CPU
		{7B712633-A64C-4E0E-9FEA-3DF1E03BDC4D}.Debug|Any CPU.Build.0 = Debug|Any CPU
		{7B712633-A64C-4E0E-9FEA-3DF1E03BDC4D}.Release|Any CPU.ActiveCfg = Release|Any CPU
		{7B712633-A64C-4E0E-9FEA-3DF1E03BDC4D}.Release|Any CPU.Build.0 = Release|Any CPU
		{D94220AD-1871-4F23-A160-E8CA086D0E7F}.Debug|Any CPU.ActiveCfg = Debug|Any CPU
		{D94220AD-1871-4F23-A160-E8CA086D0E7F}.Debug|Any CPU.Build.0 = Debug|Any CPU
		{D94220AD-1871-4F23-A160-E8CA086D0E7F}.Release|Any CPU.ActiveCfg = Release|Any CPU
		{D94220AD-1871-4F23-A160-E8CA086D0E7F}.Release|Any CPU.Build.0 = Release|Any CPU
		{E7EA9C19-CADF-4335-A0E3-21DB1AF0EC9F}.Debug|Any CPU.ActiveCfg = Debug|Any CPU
		{E7EA9C19-CADF-4335-A0E3-21DB1AF0EC9F}.Debug|Any CPU.Build.0 = Debug|Any CPU
		{E7EA9C19-CADF-4335-A0E3-21DB1AF0EC9F}.Release|Any CPU.ActiveCfg = Release|Any CPU
		{E7EA9C19-CADF-4335-A0E3-21DB1AF0EC9F}.Release|Any CPU.Build.0 = Release|Any CPU
		{1A7E55F0-3122-455D-8B1F-FABB98FB6161}.Debug|Any CPU.ActiveCfg = Debug|Any CPU
		{1A7E55F0-3122-455D-8B1F-FABB98FB6161}.Debug|Any CPU.Build.0 = Debug|Any CPU
		{1A7E55F0-3122-455D-8B1F-FABB98FB6161}.Release|Any CPU.ActiveCfg = Release|Any CPU
		{1A7E55F0-3122-455D-8B1F-FABB98FB6161}.Release|Any CPU.Build.0 = Release|Any CPU
	EndGlobalSection
	GlobalSection(SolutionProperties) = preSolution
		HideSolutionNode = FALSE
	EndGlobalSection
	GlobalSection(ExtensibilityGlobals) = postSolution
		SolutionGuid = {596B4610-069A-4CB6-9ED9-EC1AFBB688B9}
	EndGlobalSection
EndGlobal
